
Microsoft Visual Studio Solution File, Format Version 12.00
# Visual Studio Version 17
VisualStudioVersion = 17.10.35004.147
MinimumVisualStudioVersion = 10.0.40219.1
Project("{FAE04EC0-301F-11D3-BF4B-00C04F79EFBC}") = "DotNETWebSample01", "DotNETWebSample01\DotNETWebSample01.csproj", "{8FA0081C-16FF-4C23-AFDB-A76BB010430B}"
EndProject
Global
	GlobalSection(SolutionConfigurationPlatforms) = preSolution
		Debug|Any CPU = Debug|Any CPU
		Release|Any CPU = Release|Any CPU
	EndGlobalSection
	GlobalSection(ProjectConfigurationPlatforms) = postSolution
		{8FA0081C-16FF-4C23-AFDB-A76BB010430B}.Debug|Any CPU.ActiveCfg = Debug|Any CPU
		{8FA0081C-16FF-4C23-AFDB-A76BB010430B}.Debug|Any CPU.Build.0 = Debug|Any CPU
		{8FA0081C-16FF-4C23-AFDB-A76BB010430B}.Release|Any CPU.ActiveCfg = Release|Any CPU
		{8FA0081C-16FF-4C23-AFDB-A76BB010430B}.Release|Any CPU.Build.0 = Release|Any CPU
	EndGlobalSection
	GlobalSection(SolutionProperties) = preSolution
		HideSolutionNode = FALSE
	EndGlobalSection
	GlobalSection(ExtensibilityGlobals) = postSolution
		SolutionGuid = {D40C9545-1A29-466A-A3F9-C32B0F23CAF1}
	EndGlobalSection
EndGlobal
